
Microsoft Visual Studio Solution File, Format Version 12.00
Project("{FAE04EC0-301F-11D3-BF4B-00C04F79EFBC}") = "Lesson003Task002", "Lesson003Task002.csproj", "{E12CA549-78BC-49DC-9525-3D822963BC62}"
EndProject
Global
	GlobalSection(SolutionConfigurationPlatforms) = preSolution
		Debug|Any CPU = Debug|Any CPU
		Release|Any CPU = Release|Any CPU
	EndGlobalSection
	GlobalSection(ProjectConfigurationPlatforms) = postSolution
		{E12CA549-78BC-49DC-9525-3D822963BC62}.Debug|Any CPU.ActiveCfg = Debug|Any CPU
		{E12CA549-78BC-49DC-9525-3D822963BC62}.Debug|Any CPU.Build.0 = Debug|Any CPU
		{E12CA549-78BC-49DC-9525-3D822963BC62}.Release|Any CPU.ActiveCfg = Release|Any CPU
		{E12CA549-78BC-49DC-9525-3D822963BC62}.Release|Any CPU.Build.0 = Release|Any CPU
	EndGlobalSection
EndGlobal
