
Microsoft Visual Studio Solution File, Format Version 12.00
Project("{FAE04EC0-301F-11D3-BF4B-00C04F79EFBC}") = "Lesson004Task002", "Lesson004Task002.csproj", "{885BAEA8-D11A-4431-8A98-B223939EF7A0}"
EndProject
Global
	GlobalSection(SolutionConfigurationPlatforms) = preSolution
		Debug|Any CPU = Debug|Any CPU
		Release|Any CPU = Release|Any CPU
	EndGlobalSection
	GlobalSection(ProjectConfigurationPlatforms) = postSolution
		{885BAEA8-D11A-4431-8A98-B223939EF7A0}.Debug|Any CPU.ActiveCfg = Debug|Any CPU
		{885BAEA8-D11A-4431-8A98-B223939EF7A0}.Debug|Any CPU.Build.0 = Debug|Any CPU
		{885BAEA8-D11A-4431-8A98-B223939EF7A0}.Release|Any CPU.ActiveCfg = Release|Any CPU
		{885BAEA8-D11A-4431-8A98-B223939EF7A0}.Release|Any CPU.Build.0 = Release|Any CPU
	EndGlobalSection
EndGlobal
